
Microsoft Visual Studio Solution File, Format Version 12.00
# Visual Studio Version 17
VisualStudioVersion = 17.0.31903.59
MinimumVisualStudioVersion = 10.0.40219.1
Project("{2150E333-8FDC-42A3-9474-1A3956D46DE8}") = "Estapar.ParkingManager", "Estapar.ParkingManager", "{9A1B2C3D-4E5F-4061-8A2B-1D3E4F5A6B7C}"
EndProject
Project("{2150E333-8FDC-42A3-9474-1A3956D46DE8}") = "Estapar.Garage", "Estapar.Garage", "{7C6B5A4D-3E2F-4A1B-9C8D-2E1F0A9B8C7D}"
EndProject
Project("{FAE04EC0-301F-11D3-BF4B-00C04F79EFBC}") = "Estapar.ParkingManager.Domain", "Estapar.ParkingManager\Estapar.ParkingManager.Domain\Estapar.ParkingManager.Domain.csproj", "{5615B13B-1772-4C69-93F9-D86C2B92F5CE}"
EndProject
Project("{FAE04EC0-301F-11D3-BF4B-00C04F79EFBC}") = "Estapar.ParkingManager.Application", "Estapar.ParkingManager\Estapar.ParkingManager.Application\Estapar.ParkingManager.Application.csproj", "{F8B0D468-6BCD-4117-BCF9-EFEF57449F97}"
EndProject
Project("{FAE04EC0-301F-11D3-BF4B-00C04F79EFBC}") = "Estapar.ParkingManager.Infrastructure.Data", "Estapar.ParkingManager\Estapar.ParkingManager.Infrastructure.Data\Estapar.ParkingManager.Infrastructure.Data.csproj", "{565A7114-AF87-4AC2-B648-80FFEFB05407}"
EndProject
Project("{FAE04EC0-301F-11D3-BF4B-00C04F79EFBC}") = "Estapar.ParkingManager.Api", "Estapar.ParkingManager\Estapar.ParkingManager.Api\Estapar.ParkingManager.Api.csproj", "{E71EE9CB-1F58-4311-B2D3-15577A7F8D46}"
EndProject
Project("{FAE04EC0-301F-11D3-BF4B-00C04F79EFBC}") = "Estapar.ParkingManager.Tests", "Estapar.ParkingManager\Estapar.ParkingManager.Tests\Estapar.ParkingManager.Tests.csproj", "{1C3C2077-54BB-4EB6-ABE4-67D5044E7900}"
EndProject
Project("{FAE04EC0-301F-11D3-BF4B-00C04F79EFBC}") = "Estapar.Garage.Api", "Estapar.Garage\Estapar.Garage.Api\Estapar.Garage.Api.csproj", "{2B4C6D8E-1A3F-4952-8B7C-3D5E7F9A0B1C}"
EndProject
Project("{FAE04EC0-301F-11D3-BF4B-00C04F79EFBC}") = "Estapar.Garage.Tests", "Estapar.Garage\Estapar.Garage.Tests\Estapar.Garage.Tests.csproj", "{3D5E7F9A-1B2C-4D6E-8F0A-1B2C3D4E5F6A}"
EndProject
Global
	GlobalSection(SolutionConfigurationPlatforms) = preSolution
		Debug|Any CPU = Debug|Any CPU
		Release|Any CPU = Release|Any CPU
	EndGlobalSection
	GlobalSection(SolutionProperties) = preSolution
		HideSolutionNode = FALSE
	EndGlobalSection
	GlobalSection(ProjectConfigurationPlatforms) = postSolution
		{5615B13B-1772-4C69-93F9-D86C2B92F5CE}.Debug|Any CPU.ActiveCfg = Debug|Any CPU
		{5615B13B-1772-4C69-93F9-D86C2B92F5CE}.Debug|Any CPU.Build.0 = Debug|Any CPU
		{5615B13B-1772-4C69-93F9-D86C2B92F5CE}.Release|Any CPU.ActiveCfg = Release|Any CPU
		{5615B13B-1772-4C69-93F9-D86C2B92F5CE}.Release|Any CPU.Build.0 = Release|Any CPU
		{F8B0D468-6BCD-4117-BCF9-EFEF57449F97}.Debug|Any CPU.ActiveCfg = Debug|Any CPU
		{F8B0D468-6BCD-4117-BCF9-EFEF57449F97}.Debug|Any CPU.Build.0 = Debug|Any CPU
		{F8B0D468-6BCD-4117-BCF9-EFEF57449F97}.Release|Any CPU.ActiveCfg = Release|Any CPU
		{F8B0D468-6BCD-4117-BCF9-EFEF57449F97}.Release|Any CPU.Build.0 = Release|Any CPU
		{565A7114-AF87-4AC2-B648-80FFEFB05407}.Debug|Any CPU.ActiveCfg = Debug|Any CPU
		{565A7114-AF87-4AC2-B648-80FFEFB05407}.Debug|Any CPU.Build.0 = Debug|Any CPU
		{565A7114-AF87-4AC2-B648-80FFEFB05407}.Release|Any CPU.ActiveCfg = Release|Any CPU
		{565A7114-AF87-4AC2-B648-80FFEFB05407}.Release|Any CPU.Build.0 = Release|Any CPU
		{E71EE9CB-1F58-4311-B2D3-15577A7F8D46}.Debug|Any CPU.ActiveCfg = Debug|Any CPU
		{E71EE9CB-1F58-4311-B2D3-15577A7F8D46}.Debug|Any CPU.Build.0 = Debug|Any CPU
		{E71EE9CB-1F58-4311-B2D3-15577A7F8D46}.Release|Any CPU.ActiveCfg = Release|Any CPU
		{E71EE9CB-1F58-4311-B2D3-15577A7F8D46}.Release|Any CPU.Build.0 = Release|Any CPU
		{1C3C2077-54BB-4EB6-ABE4-67D5044E7900}.Debug|Any CPU.ActiveCfg = Debug|Any CPU
		{1C3C2077-54BB-4EB6-ABE4-67D5044E7900}.Debug|Any CPU.Build.0 = Debug|Any CPU
		{1C3C2077-54BB-4EB6-ABE4-67D5044E7900}.Release|Any CPU.ActiveCfg = Release|Any CPU
		{1C3C2077-54BB-4EB6-ABE4-67D5044E7900}.Release|Any CPU.Build.0 = Release|Any CPU
		{2B4C6D8E-1A3F-4952-8B7C-3D5E7F9A0B1C}.Debug|Any CPU.ActiveCfg = Debug|Any CPU
		{2B4C6D8E-1A3F-4952-8B7C-3D5E7F9A0B1C}.Debug|Any CPU.Build.0 = Debug|Any CPU
		{2B4C6D8E-1A3F-4952-8B7C-3D5E7F9A0B1C}.Release|Any CPU.ActiveCfg = Release|Any CPU
		{2B4C6D8E-1A3F-4952-8B7C-3D5E7F9A0B1C}.Release|Any CPU.Build.0 = Release|Any CPU
		{3D5E7F9A-1B2C-4D6E-8F0A-1B2C3D4E5F6A}.Debug|Any CPU.ActiveCfg = Debug|Any CPU
		{3D5E7F9A-1B2C-4D6E-8F0A-1B2C3D4E5F6A}.Debug|Any CPU.Build.0 = Debug|Any CPU
		{3D5E7F9A-1B2C-4D6E-8F0A-1B2C3D4E5F6A}.Release|Any CPU.ActiveCfg = Release|Any CPU
		{3D5E7F9A-1B2C-4D6E-8F0A-1B2C3D4E5F6A}.Release|Any CPU.Build.0 = Release|Any CPU
	EndGlobalSection
	GlobalSection(NestedProjects) = preSolution
		{5615B13B-1772-4C69-93F9-D86C2B92F5CE} = {9A1B2C3D-4E5F-4061-8A2B-1D3E4F5A6B7C}
		{F8B0D468-6BCD-4117-BCF9-EFEF57449F97} = {9A1B2C3D-4E5F-4061-8A2B-1D3E4F5A6B7C}
		{565A7114-AF87-4AC2-B648-80FFEFB05407} = {9A1B2C3D-4E5F-4061-8A2B-1D3E4F5A6B7C}
		{E71EE9CB-1F58-4311-B2D3-15577A7F8D46} = {9A1B2C3D-4E5F-4061-8A2B-1D3E4F5A6B7C}
		{1C3C2077-54BB-4EB6-ABE4-67D5044E7900} = {9A1B2C3D-4E5F-4061-8A2B-1D3E4F5A6B7C}
		{2B4C6D8E-1A3F-4952-8B7C-3D5E7F9A0B1C} = {7C6B5A4D-3E2F-4A1B-9C8D-2E1F0A9B8C7D}
		{3D5E7F9A-1B2C-4D6E-8F0A-1B2C3D4E5F6A} = {7C6B5A4D-3E2F-4A1B-9C8D-2E1F0A9B8C7D}
	EndGlobalSection
EndGlobal
